// !$*UTF8*$!
{
	archiveVersion = 1;
	classes = {
	};
	objectVersion = 50;
	objects = {

/* Begin PBXBuildFile section */
		DC40DBFE24C1987300557431 /* legoApp.swift in Sources */ = {isa = PBXBuildFile; fileRef = DC40DBFD24C1987300557431 /* legoApp.swift */; };
		DC40DC0024C1987300557431 /* ContentView.swift in Sources */ = {isa = PBXBuildFile; fileRef = DC40DBFF24C1987300557431 /* ContentView.swift */; };
		DC40DC0224C1987400557431 /* Assets.xcassets in Resources */ = {isa = PBXBuildFile; fileRef = DC40DC0124C1987400557431 /* Assets.xcassets */; };
		DC40DC0524C1987400557431 /* Preview Assets.xcassets in Resources */ = {isa = PBXBuildFile; fileRef = DC40DC0424C1987400557431 /* Preview Assets.xcassets */; };
		DC40DC1024C1987400557431 /* legoTests.swift in Sources */ = {isa = PBXBuildFile; fileRef = DC40DC0F24C1987400557431 /* legoTests.swift */; };
		DC40DC1B24C1987400557431 /* legoUITests.swift in Sources */ = {isa = PBXBuildFile; fileRef = DC40DC1A24C1987400557431 /* legoUITests.swift */; };
		DC40DC2924C1988400557431 /* Block.swift in Sources */ = {isa = PBXBuildFile; fileRef = DC40DC2824C1988400557431 /* Block.swift */; };
		DC40DC2B24C1F9A500557431 /* LegoAnimation.gif in Resources */ = {isa = PBXBuildFile; fileRef = DC40DC2A24C1F9A500557431 /* LegoAnimation.gif */; };
		DCDD271D24C2060C00A5E3B5 /* Block3D.swift in Sources */ = {isa = PBXBuildFile; fileRef = DCDD271C24C2060C00A5E3B5 /* Block3D.swift */; };
		DCEB568D24C2C7BB004E0CEE /* LegoAnimation3d.gif in Resources */ = {isa = PBXBuildFile; fileRef = DCEB568C24C2C7BB004E0CEE /* LegoAnimation3d.gif */; };
/* End PBXBuildFile section */

/* Begin PBXContainerItemProxy section */
		DC40DC0C24C1987400557431 /* PBXContainerItemProxy */ = {
			isa = PBXContainerItemProxy;
			containerPortal = DC40DBF224C1987300557431 /* Project object */;
			proxyType = 1;
			remoteGlobalIDString = DC40DBF924C1987300557431;
			remoteInfo = lego;
		};
		DC40DC1724C1987400557431 /* PBXContainerItemProxy */ = {
			isa = PBXContainerItemProxy;
			containerPortal = DC40DBF224C1987300557431 /* Project object */;
			proxyType = 1;
			remoteGlobalIDString = DC40DBF924C1987300557431;
			remoteInfo = lego;
		};
/* End PBXContainerItemProxy section */

/* Begin PBXFileReference section */
		DC40DBFA24C1987300557431 /* lego.app */ = {isa = PBXFileReference; explicitFileType = wrapper.application; includeInIndex = 0; path = lego.app; sourceTree = BUILT_PRODUCTS_DIR; };
		DC40DBFD24C1987300557431 /* legoApp.swift */ = {isa = PBXFileReference; lastKnownFileType = sourcecode.swift; path = legoApp.swift; sourceTree = "<group>"; };
		DC40DBFF24C1987300557431 /* ContentView.swift */ = {isa = PBXFileReference; lastKnownFileType = sourcecode.swift; path = ContentView.swift; sourceTree = "<group>"; };
		DC40DC0124C1987400557431 /* Assets.xcassets */ = {isa = PBXFileReference; lastKnownFileType = folder.assetcatalog; path = Assets.xcassets; sourceTree = "<group>"; };
		DC40DC0424C1987400557431 /* Preview Assets.xcassets */ = {isa = PBXFileReference; lastKnownFileType = folder.assetcatalog; path = "Preview Assets.xcassets"; sourceTree = "<group>"; };
		DC40DC0624C1987400557431 /* Info.plist */ = {isa = PBXFileReference; lastKnownFileType = text.plist.xml; path = Info.plist; sourceTree = "<group>"; };
		DC40DC0B24C1987400557431 /* legoTests.xctest */ = {isa = PBXFileReference; explicitFileType = wrapper.cfbundle; includeInIndex = 0; path = legoTests.xctest; sourceTree = BUILT_PRODUCTS_DIR; };
		DC40DC0F24C1987400557431 /* legoTests.swift */ = {isa = PBXFileReference; lastKnownFileType = sourcecode.swift; path = legoTests.swift; sourceTree = "<group>"; };
		DC40DC1124C1987400557431 /* Info.plist */ = {isa = PBXFileReference; lastKnownFileType = text.plist.xml; path = Info.plist; sourceTree = "<group>"; };
		DC40DC1624C1987400557431 /* legoUITests.xctest */ = {isa = PBXFileReference; explicitFileType = wrapper.cfbundle; includeInIndex = 0; path = legoUITests.xctest; sourceTree = BUILT_PRODUCTS_DIR; };
		DC40DC1A24C1987400557431 /* legoUITests.swift */ = {isa = PBXFileReference; lastKnownFileType = sourcecode.swift; path = legoUITests.swift; sourceTree = "<group>"; };
		DC40DC1C24C1987400557431 /* Info.plist */ = {isa = PBXFileReference; lastKnownFileType = text.plist.xml; path = Info.plist; sourceTree = "<group>"; };
		DC40DC2824C1988400557431 /* Block.swift */ = {isa = PBXFileReference; lastKnownFileType = sourcecode.swift; path = Block.swift; sourceTree = "<group>"; };
		DC40DC2A24C1F9A500557431 /* LegoAnimation.gif */ = {isa = PBXFileReference; lastKnownFileType = image.gif; path = LegoAnimation.gif; sourceTree = "<group>"; };
		DCDD271C24C2060C00A5E3B5 /* Block3D.swift */ = {isa = PBXFileReference; lastKnownFileType = sourcecode.swift; path = Block3D.swift; sourceTree = "<group>"; };
		DCEB568C24C2C7BB004E0CEE /* LegoAnimation3d.gif */ = {isa = PBXFileReference; lastKnownFileType = image.gif; path = LegoAnimation3d.gif; sourceTree = "<group>"; };
/* End PBXFileReference section */

/* Begin PBXFrameworksBuildPhase section */
		DC40DBF724C1987300557431 /* Frameworks */ = {
			isa = PBXFrameworksBuildPhase;
			buildActionMask = 2147483647;
			files = (
			);
			runOnlyForDeploymentPostprocessing = 0;
		};
		DC40DC0824C1987400557431 /* Frameworks */ = {
			isa = PBXFrameworksBuildPhase;
			buildActionMask = 2147483647;
			files = (
			);
			runOnlyForDeploymentPostprocessing = 0;
		};
		DC40DC1324C1987400557431 /* Frameworks */ = {
			isa = PBXFrameworksBuildPhase;
			buildActionMask = 2147483647;
			files = (
			);
			runOnlyForDeploymentPostprocessing = 0;
		};
/* End PBXFrameworksBuildPhase section */

/* Begin PBXGroup section */
		DC40DBF124C1987300557431 = {
			isa = PBXGroup;
			children = (
				DCEB568C24C2C7BB004E0CEE /* LegoAnimation3d.gif */,
				DC40DC2A24C1F9A500557431 /* LegoAnimation.gif */,
				DC40DBFC24C1987300557431 /* lego */,
				DC40DC0E24C1987400557431 /* legoTests */,
				DC40DC1924C1987400557431 /* legoUITests */,
				DC40DBFB24C1987300557431 /* Products */,
			);
			sourceTree = "<group>";
		};
		DC40DBFB24C1987300557431 /* Products */ = {
			isa = PBXGroup;
			children = (
				DC40DBFA24C1987300557431 /* lego.app */,
				DC40DC0B24C1987400557431 /* legoTests.xctest */,
				DC40DC1624C1987400557431 /* legoUITests.xctest */,
			);
			name = Products;
			sourceTree = "<group>";
		};
		DC40DBFC24C1987300557431 /* lego */ = {
			isa = PBXGroup;
			children = (
				DC40DBFD24C1987300557431 /* legoApp.swift */,
				DC40DBFF24C1987300557431 /* ContentView.swift */,
				DC40DC0124C1987400557431 /* Assets.xcassets */,
				DC40DC0624C1987400557431 /* Info.plist */,
				DC40DC0324C1987400557431 /* Preview Content */,
				DC40DC2824C1988400557431 /* Block.swift */,
				DCDD271C24C2060C00A5E3B5 /* Block3D.swift */,
			);
			path = lego;
			sourceTree = "<group>";
		};
		DC40DC0324C1987400557431 /* Preview Content */ = {
			isa = PBXGroup;
			children = (
				DC40DC0424C1987400557431 /* Preview Assets.xcassets */,
			);
			path = "Preview Content";
			sourceTree = "<group>";
		};
		DC40DC0E24C1987400557431 /* legoTests */ = {
			isa = PBXGroup;
			children = (
				DC40DC0F24C1987400557431 /* legoTests.swift */,
				DC40DC1124C1987400557431 /* Info.plist */,
			);
			path = legoTests;
			sourceTree = "<group>";
		};
		DC40DC1924C1987400557431 /* legoUITests */ = {
			isa = PBXGroup;
			children = (
				DC40DC1A24C1987400557431 /* legoUITests.swift */,
				DC40DC1C24C1987400557431 /* Info.plist */,
			);
			path = legoUITests;
			sourceTree = "<group>";
		};
/* End PBXGroup section */

/* Begin PBXNativeTarget section */
		DC40DBF924C1987300557431 /* lego */ = {
			isa = PBXNativeTarget;
			buildConfigurationList = DC40DC1F24C1987400557431 /* Build configuration list for PBXNativeTarget "lego" */;
			buildPhases = (
				DC40DBF624C1987300557431 /* Sources */,
				DC40DBF724C1987300557431 /* Frameworks */,
				DC40DBF824C1987300557431 /* Resources */,
			);
			buildRules = (
			);
			dependencies = (
			);
			name = lego;
			productName = lego;
			productReference = DC40DBFA24C1987300557431 /* lego.app */;
			productType = "com.apple.product-type.application";
		};
		DC40DC0A24C1987400557431 /* legoTests */ = {
			isa = PBXNativeTarget;
			buildConfigurationList = DC40DC2224C1987400557431 /* Build configuration list for PBXNativeTarget "legoTests" */;
			buildPhases = (
				DC40DC0724C1987400557431 /* Sources */,
				DC40DC0824C1987400557431 /* Frameworks */,
				DC40DC0924C1987400557431 /* Resources */,
			);
			buildRules = (
			);
			dependencies = (
				DC40DC0D24C1987400557431 /* PBXTargetDependency */,
			);
			name = legoTests;
			productName = legoTests;
			productReference = DC40DC0B24C1987400557431 /* legoTests.xctest */;
			productType = "com.apple.product-type.bundle.unit-test";
		};
		DC40DC1524C1987400557431 /* legoUITests */ = {
			isa = PBXNativeTarget;
			buildConfigurationList = DC40DC2524C1987400557431 /* Build configuration list for PBXNativeTarget "legoUITests" */;
			buildPhases = (
				DC40DC1224C1987400557431 /* Sources */,
				DC40DC1324C1987400557431 /* Frameworks */,
				DC40DC1424C1987400557431 /* Resources */,
			);
			buildRules = (
			);
			dependencies = (
				DC40DC1824C1987400557431 /* PBXTargetDependency */,
			);
			name = legoUITests;
			productName = legoUITests;
			productReference = DC40DC1624C1987400557431 /* legoUITests.xctest */;
			productType = "com.apple.product-type.bundle.ui-testing";
		};
/* End PBXNativeTarget section */

/* Begin PBXProject section */
		DC40DBF224C1987300557431 /* Project object */ = {
			isa = PBXProject;
			attributes = {
				LastSwiftUpdateCheck = 1200;
				LastUpgradeCheck = 1200;
				TargetAttributes = {
					DC40DBF924C1987300557431 = {
						CreatedOnToolsVersion = 12.0;
					};
					DC40DC0A24C1987400557431 = {
						CreatedOnToolsVersion = 12.0;
						TestTargetID = DC40DBF924C1987300557431;
					};
					DC40DC1524C1987400557431 = {
						CreatedOnToolsVersion = 12.0;
						TestTargetID = DC40DBF924C1987300557431;
					};
				};
			};
			buildConfigurationList = DC40DBF524C1987300557431 /* Build configuration list for PBXProject "lego" */;
			compatibilityVersion = "Xcode 9.3";
			developmentRegion = en;
			hasScannedForEncodings = 0;
			knownRegions = (
				en,
				Base,
			);
			mainGroup = DC40DBF124C1987300557431;
			productRefGroup = DC40DBFB24C1987300557431 /* Products */;
			projectDirPath = "";
			projectRoot = "";
			targets = (
				DC40DBF924C1987300557431 /* lego */,
				DC40DC0A24C1987400557431 /* legoTests */,
				DC40DC1524C1987400557431 /* legoUITests */,
			);
		};
/* End PBXProject section */

/* Begin PBXResourcesBuildPhase section */
		DC40DBF824C1987300557431 /* Resources */ = {
			isa = PBXResourcesBuildPhase;
			buildActionMask = 2147483647;
			files = (
				DC40DC0524C1987400557431 /* Preview Assets.xcassets in Resources */,
				DCEB568D24C2C7BB004E0CEE /* LegoAnimation3d.gif in Resources */,
				DC40DC0224C1987400557431 /* Assets.xcassets in Resources */,
				DC40DC2B24C1F9A500557431 /* LegoAnimation.gif in Resources */,
			);
			runOnlyForDeploymentPostprocessing = 0;
		};
		DC40DC0924C1987400557431 /* Resources */ = {
			isa = PBXResourcesBuildPhase;
			buildActionMask = 2147483647;
			files = (
			);
			runOnlyForDeploymentPostprocessing = 0;
		};
		DC40DC1424C1987400557431 /* Resources */ = {
			isa = PBXResourcesBuildPhase;
			buildActionMask = 2147483647;
			files = (
			);
			runOnlyForDeploymentPostprocessing = 0;
		};
/* End PBXResourcesBuildPhase section */

/* Begin PBXSourcesBuildPhase section */
		DC40DBF624C1987300557431 /* Sources */ = {
			isa = PBXSourcesBuildPhase;
			buildActionMask = 2147483647;
			files = (
				DCDD271D24C2060C00A5E3B5 /* Block3D.swift in Sources */,
				DC40DC2924C1988400557431 /* Block.swift in Sources */,
				DC40DC0024C1987300557431 /* ContentView.swift in Sources */,
				DC40DBFE24C1987300557431 /* legoApp.swift in Sources */,
			);
			runOnlyForDeploymentPostprocessing = 0;
		};
		DC40DC0724C1987400557431 /* Sources */ = {
			isa = PBXSourcesBuildPhase;
			buildActionMask = 2147483647;
			files = (
				DC40DC1024C1987400557431 /* legoTests.swift in Sources */,
			);
			runOnlyForDeploymentPostprocessing = 0;
		};
		DC40DC1224C1987400557431 /* Sources */ = {
			isa = PBXSourcesBuildPhase;
			buildActionMask = 2147483647;
			files = (
				DC40DC1B24C1987400557431 /* legoUITests.swift in Sources */,
			);
			runOnlyForDeploymentPostprocessing = 0;
		};
/* End PBXSourcesBuildPhase section */

/* Begin PBXTargetDependency section */
		DC40DC0D24C1987400557431 /* PBXTargetDependency */ = {
			isa = PBXTargetDependency;
			target = DC40DBF924C1987300557431 /* lego */;
			targetProxy = DC40DC0C24C1987400557431 /* PBXContainerItemProxy */;
		};
		DC40DC1824C1987400557431 /* PBXTargetDependency */ = {
			isa = PBXTargetDependency;
			target = DC40DBF924C1987300557431 /* lego */;
			targetProxy = DC40DC1724C1987400557431 /* PBXContainerItemProxy */;
		};
/* End PBXTargetDependency section */

/* Begin XCBuildConfiguration section */
		DC40DC1D24C1987400557431 /* Debug */ = {
			isa = XCBuildConfiguration;
			buildSettings = {
				ALWAYS_SEARCH_USER_PATHS = NO;
				CLANG_ANALYZER_NONNULL = YES;
				CLANG_ANALYZER_NUMBER_OBJECT_CONVERSION = YES_AGGRESSIVE;
				CLANG_CXX_LANGUAGE_STANDARD = "gnu++14";
				CLANG_CXX_LIBRARY = "libc++";
				CLANG_ENABLE_MODULES = YES;
				CLANG_ENABLE_OBJC_ARC = YES;
				CLANG_ENABLE_OBJC_WEAK = YES;
				CLANG_WARN_BLOCK_CAPTURE_AUTORELEASING = YES;
				CLANG_WARN_BOOL_CONVERSION = YES;
				CLANG_WARN_COMMA = YES;
				CLANG_WARN_CONSTANT_CONVERSION = YES;
				CLANG_WARN_DEPRECATED_OBJC_IMPLEMENTATIONS = YES;
				CLANG_WARN_DIRECT_OBJC_ISA_USAGE = YES_ERROR;
				CLANG_WARN_DOCUMENTATION_COMMENTS = YES;
				CLANG_WARN_EMPTY_BODY = YES;
				CLANG_WARN_ENUM_CONVERSION = YES;
				CLANG_WARN_INFINITE_RECURSION = YES;
				CLANG_WARN_INT_CONVERSION = YES;
				CLANG_WARN_NON_LITERAL_NULL_CONVERSION = YES;
				CLANG_WARN_OBJC_IMPLICIT_RETAIN_SELF = YES;
				CLANG_WARN_OBJC_LITERAL_CONVERSION = YES;
				CLANG_WARN_OBJC_ROOT_CLASS = YES_ERROR;
				CLANG_WARN_QUOTED_INCLUDE_IN_FRAMEWORK_HEADER = YES;
				CLANG_WARN_RANGE_LOOP_ANALYSIS = YES;
				CLANG_WARN_STRICT_PROTOTYPES = YES;
				CLANG_WARN_SUSPICIOUS_MOVE = YES;
				CLANG_WARN_UNGUARDED_AVAILABILITY = YES_AGGRESSIVE;
				CLANG_WARN_UNREACHABLE_CODE = YES;
				CLANG_WARN__DUPLICATE_METHOD_MATCH = YES;
				COPY_PHASE_STRIP = NO;
				DEBUG_INFORMATION_FORMAT = dwarf;
				ENABLE_STRICT_OBJC_MSGSEND = YES;
				ENABLE_TESTABILITY = YES;
				GCC_C_LANGUAGE_STANDARD = gnu11;
				GCC_DYNAMIC_NO_PIC = NO;
				GCC_NO_COMMON_BLOCKS = YES;
				GCC_OPTIMIZATION_LEVEL = 0;
				GCC_PREPROCESSOR_DEFINITIONS = (
					"DEBUG=1",
					"$(inherited)",
				);
				GCC_WARN_64_TO_32_BIT_CONVERSION = YES;
				GCC_WARN_ABOUT_RETURN_TYPE = YES_ERROR;
				GCC_WARN_UNDECLARED_SELECTOR = YES;
				GCC_WARN_UNINITIALIZED_AUTOS = YES_AGGRESSIVE;
				GCC_WARN_UNUSED_FUNCTION = YES;
				GCC_WARN_UNUSED_VARIABLE = YES;
				IPHONEOS_DEPLOYMENT_TARGET = 14.0;
				MTL_ENABLE_DEBUG_INFO = INCLUDE_SOURCE;
				MTL_FAST_MATH = YES;
				ONLY_ACTIVE_ARCH = YES;
				SDKROOT = iphoneos;
				SWIFT_ACTIVE_COMPILATION_CONDITIONS = DEBUG;
				SWIFT_OPTIMIZATION_LEVEL = "-Onone";
			};
			name = Debug;
		};
		DC40DC1E24C1987400557431 /* Release */ = {
			isa = XCBuildConfiguration;
			buildSettings = {
				ALWAYS_SEARCH_USER_PATHS = NO;
				CLANG_ANALYZER_NONNULL = YES;
				CLANG_ANALYZER_NUMBER_OBJECT_CONVERSION = YES_AGGRESSIVE;
				CLANG_CXX_LANGUAGE_STANDARD = "gnu++14";
				CLANG_CXX_LIBRARY = "libc++";
				CLANG_ENABLE_MODULES = YES;
				CLANG_ENABLE_OBJC_ARC = YES;
				CLANG_ENABLE_OBJC_WEAK = YES;
				CLANG_WARN_BLOCK_CAPTURE_AUTORELEASING = YES;
				CLANG_WARN_BOOL_CONVERSION = YES;
				CLANG_WARN_COMMA = YES;
				CLANG_WARN_CONSTANT_CONVERSION = YES;
				CLANG_WARN_DEPRECATED_OBJC_IMPLEMENTATIONS = YES;
				CLANG_WARN_DIRECT_OBJC_ISA_USAGE = YES_ERROR;
				CLANG_WARN_DOCUMENTATION_COMMENTS = YES;
				CLANG_WARN_EMPTY_BODY = YES;
				CLANG_WARN_ENUM_CONVERSION = YES;
				CLANG_WARN_INFINITE_RECURSION = YES;
				CLANG_WARN_INT_CONVERSION = YES;
				CLANG_WARN_NON_LITERAL_NULL_CONVERSION = YES;
				CLANG_WARN_OBJC_IMPLICIT_RETAIN_SELF = YES;
				CLANG_WARN_OBJC_LITERAL_CONVERSION = YES;
				CLANG_WARN_OBJC_ROOT_CLASS = YES_ERROR;
				CLANG_WARN_QUOTED_INCLUDE_IN_FRAMEWORK_HEADER = YES;
				CLANG_WARN_RANGE_LOOP_ANALYSIS = YES;
				CLANG_WARN_STRICT_PROTOTYPES = YES;
				CLANG_WARN_SUSPICIOUS_MOVE = YES;
				CLANG_WARN_UNGUARDED_AVAILABILITY = YES_AGGRESSIVE;
				CLANG_WARN_UNREACHABLE_CODE = YES;
				CLANG_WARN__DUPLICATE_METHOD_MATCH = YES;
				COPY_PHASE_STRIP = NO;
				DEBUG_INFORMATION_FORMAT = "dwarf-with-dsym";
				ENABLE_NS_ASSERTIONS = NO;
				ENABLE_STRICT_OBJC_MSGSEND = YES;
				GCC_C_LANGUAGE_STANDARD = gnu11;
				GCC_NO_COMMON_BLOCKS = YES;
				GCC_WARN_64_TO_32_BIT_CONVERSION = YES;
				GCC_WARN_ABOUT_RETURN_TYPE = YES_ERROR;
				GCC_WARN_UNDECLARED_SELECTOR = YES;
				GCC_WARN_UNINITIALIZED_AUTOS = YES_AGGRESSIVE;
				GCC_WARN_UNUSED_FUNCTION = YES;
				GCC_WARN_UNUSED_VARIABLE = YES;
				IPHONEOS_DEPLOYMENT_TARGET = 14.0;
				MTL_ENABLE_DEBUG_INFO = NO;
				MTL_FAST_MATH = YES;
				SDKROOT = iphoneos;
				SWIFT_COMPILATION_MODE = wholemodule;
				SWIFT_OPTIMIZATION_LEVEL = "-O";
				VALIDATE_PRODUCT = YES;
			};
			name = Release;
		};
		DC40DC2024C1987400557431 /* Debug */ = {
			isa = XCBuildConfiguration;
			buildSettings = {
				ASSETCATALOG_COMPILER_APPICON_NAME = AppIcon;
				ASSETCATALOG_COMPILER_GLOBAL_ACCENT_COLOR_NAME = AccentColor;
				CODE_SIGN_STYLE = Automatic;
				DEVELOPMENT_ASSET_PATHS = "\"lego/Preview Content\"";
				DEVELOPMENT_TEAM = MLXZLWU95B;
				ENABLE_PREVIEWS = YES;
				INFOPLIST_FILE = lego/Info.plist;
				IPHONEOS_DEPLOYMENT_TARGET = 14.0;
				LD_RUNPATH_SEARCH_PATHS = (
					"$(inherited)",
					"@executable_path/Frameworks",
				);
				PRODUCT_BUNDLE_IDENTIFIER = svj.lego;
				PRODUCT_NAME = "$(TARGET_NAME)";
				SWIFT_VERSION = 5.0;
				TARGETED_DEVICE_FAMILY = "1,2";
			};
			name = Debug;
		};
		DC40DC2124C1987400557431 /* Release */ = {
			isa = XCBuildConfiguration;
			buildSettings = {
				ASSETCATALOG_COMPILER_APPICON_NAME = AppIcon;
				ASSETCATALOG_COMPILER_GLOBAL_ACCENT_COLOR_NAME = AccentColor;
				CODE_SIGN_STYLE = Automatic;
				DEVELOPMENT_ASSET_PATHS = "\"lego/Preview Content\"";
				DEVELOPMENT_TEAM = MLXZLWU95B;
				ENABLE_PREVIEWS = YES;
				INFOPLIST_FILE = lego/Info.plist;
				IPHONEOS_DEPLOYMENT_TARGET = 14.0;
				LD_RUNPATH_SEARCH_PATHS = (
					"$(inherited)",
					"@executable_path/Frameworks",
				);
				PRODUCT_BUNDLE_IDENTIFIER = svj.lego;
				PRODUCT_NAME = "$(TARGET_NAME)";
				SWIFT_VERSION = 5.0;
				TARGETED_DEVICE_FAMILY = "1,2";
			};
			name = Release;
		};
		DC40DC2324C1987400557431 /* Debug */ = {
			isa = XCBuildConfiguration;
			buildSettings = {
				ALWAYS_EMBED_SWIFT_STANDARD_LIBRARIES = YES;
				BUNDLE_LOADER = "$(TEST_HOST)";
				CODE_SIGN_STYLE = Automatic;
				DEVELOPMENT_TEAM = MLXZLWU95B;
				INFOPLIST_FILE = legoTests/Info.plist;
				IPHONEOS_DEPLOYMENT_TARGET = 14.0;
				LD_RUNPATH_SEARCH_PATHS = (
					"$(inherited)",
					"@executable_path/Frameworks",
					"@loader_path/Frameworks",
				);
				PRODUCT_BUNDLE_IDENTIFIER = svj.legoTests;
				PRODUCT_NAME = "$(TARGET_NAME)";
				SWIFT_VERSION = 5.0;
				TARGETED_DEVICE_FAMILY = "1,2";
				TEST_HOST = "$(BUILT_PRODUCTS_DIR)/lego.app/lego";
			};
			name = Debug;
		};
		DC40DC2424C1987400557431 /* Release */ = {
			isa = XCBuildConfiguration;
			buildSettings = {
				ALWAYS_EMBED_SWIFT_STANDARD_LIBRARIES = YES;
				BUNDLE_LOADER = "$(TEST_HOST)";
				CODE_SIGN_STYLE = Automatic;
				DEVELOPMENT_TEAM = MLXZLWU95B;
				INFOPLIST_FILE = legoTests/Info.plist;
				IPHONEOS_DEPLOYMENT_TARGET = 14.0;
				LD_RUNPATH_SEARCH_PATHS = (
					"$(inherited)",
					"@executable_path/Frameworks",
					"@loader_path/Frameworks",
				);
				PRODUCT_BUNDLE_IDENTIFIER = svj.legoTests;
				PRODUCT_NAME = "$(TARGET_NAME)";
				SWIFT_VERSION = 5.0;
				TARGETED_DEVICE_FAMILY = "1,2";
				TEST_HOST = "$(BUILT_PRODUCTS_DIR)/lego.app/lego";
			};
			name = Release;
		};
		DC40DC2624C1987400557431 /* Debug */ = {
			isa = XCBuildConfiguration;
			buildSettings = {
				ALWAYS_EMBED_SWIFT_STANDARD_LIBRARIES = YES;
				CODE_SIGN_STYLE = Automatic;
				DEVELOPMENT_TEAM = MLXZLWU95B;
				INFOPLIST_FILE = legoUITests/Info.plist;
				LD_RUNPATH_SEARCH_PATHS = (
					"$(inherited)",
					"@executable_path/Frameworks",
					"@loader_path/Frameworks",
				);
				PRODUCT_BUNDLE_IDENTIFIER = svj.legoUITests;
				PRODUCT_NAME = "$(TARGET_NAME)";
				SWIFT_VERSION = 5.0;
				TARGETED_DEVICE_FAMILY = "1,2";
				TEST_TARGET_NAME = lego;
			};
			name = Debug;
		};
		DC40DC2724C1987400557431 /* Release */ = {
			isa = XCBuildConfiguration;
			buildSettings = {
				ALWAYS_EMBED_SWIFT_STANDARD_LIBRARIES = YES;
				CODE_SIGN_STYLE = Automatic;
				DEVELOPMENT_TEAM = MLXZLWU95B;
				INFOPLIST_FILE = legoUITests/Info.plist;
				LD_RUNPATH_SEARCH_PATHS = (
					"$(inherited)",
					"@executable_path/Frameworks",
					"@loader_path/Frameworks",
				);
				PRODUCT_BUNDLE_IDENTIFIER = svj.legoUITests;
				PRODUCT_NAME = "$(TARGET_NAME)";
				SWIFT_VERSION = 5.0;
				TARGETED_DEVICE_FAMILY = "1,2";
				TEST_TARGET_NAME = lego;
			};
			name = Release;
		};
/* End XCBuildConfiguration section */

/* Begin XCConfigurationList section */
		DC40DBF524C1987300557431 /* Build configuration list for PBXProject "lego" */ = {
			isa = XCConfigurationList;
			buildConfigurations = (
				DC40DC1D24C1987400557431 /* Debug */,
				DC40DC1E24C1987400557431 /* Release */,
			);
			defaultConfigurationIsVisible = 0;
			defaultConfigurationName = Release;
		};
		DC40DC1F24C1987400557431 /* Build configuration list for PBXNativeTarget "lego" */ = {
			isa = XCConfigurationList;
			buildConfigurations = (
				DC40DC2024C1987400557431 /* Debug */,
				DC40DC2124C1987400557431 /* Release */,
			);
			defaultConfigurationIsVisible = 0;
			defaultConfigurationName = Release;
		};
		DC40DC2224C1987400557431 /* Build configuration list for PBXNativeTarget "legoTests" */ = {
			isa = XCConfigurationList;
			buildConfigurations = (
				DC40DC2324C1987400557431 /* Debug */,
				DC40DC2424C1987400557431 /* Release */,
			);
			defaultConfigurationIsVisible = 0;
			defaultConfigurationName = Release;
		};
		DC40DC2524C1987400557431 /* Build configuration list for PBXNativeTarget "legoUITests" */ = {
			isa = XCConfigurationList;
			buildConfigurations = (
				DC40DC2624C1987400557431 /* Debug */,
				DC40DC2724C1987400557431 /* Release */,
			);
			defaultConfigurationIsVisible = 0;
			defaultConfigurationName = Release;
		};
/* End XCConfigurationList section */
	};
	rootObject = DC40DBF224C1987300557431 /* Project object */;
}
